
Microsoft Visual Studio Solution File, Format Version 12.00
# Visual Studio Version 16
VisualStudioVersion = 16.0.29613.14
MinimumVisualStudioVersion = 10.0.40219.1
Project("{FAE04EC0-301F-11D3-BF4B-00C04F79EFBC}") = "Humanity Automatization", "Humanity Automatization\Humanity Automatization.csproj", "{7810209A-84FE-4037-A8A0-6C180904D42C}"
EndProject
Global
	GlobalSection(SolutionConfigurationPlatforms) = preSolution
		Debug|Any CPU = Debug|Any CPU
		Release|Any CPU = Release|Any CPU
	EndGlobalSection
	GlobalSection(ProjectConfigurationPlatforms) = postSolution
		{7810209A-84FE-4037-A8A0-6C180904D42C}.Debug|Any CPU.ActiveCfg = Debug|Any CPU
		{7810209A-84FE-4037-A8A0-6C180904D42C}.Debug|Any CPU.Build.0 = Debug|Any CPU
		{7810209A-84FE-4037-A8A0-6C180904D42C}.Release|Any CPU.ActiveCfg = Release|Any CPU
		{7810209A-84FE-4037-A8A0-6C180904D42C}.Release|Any CPU.Build.0 = Release|Any CPU
	EndGlobalSection
	GlobalSection(SolutionProperties) = preSolution
		HideSolutionNode = FALSE
	EndGlobalSection
	GlobalSection(ExtensibilityGlobals) = postSolution
		SolutionGuid = {7D89E1C0-6227-4197-9E33-7741F05D262E}
	EndGlobalSection
EndGlobal
